
Microsoft Visual Studio Solution File, Format Version 12.00
# Visual Studio Version 18
VisualStudioVersion = 18.3.11512.155
MinimumVisualStudioVersion = 10.0.40219.1
Project("{2150E333-8FDC-42A3-9474-1A3956D46DE8}") = "src", "src", "{1A010448-5B06-42B9-95FE-C31008C700FB}"
EndProject
Project("{2150E333-8FDC-42A3-9474-1A3956D46DE8}") = "samples", "samples", "{9126F576-80AE-48DC-8A84-EFC8B487D809}"
EndProject
Project("{9A19103F-16F7-4668-BE54-9A1E7A4F7556}") = "Azure.Iot.Operations.Protocol", "src\Azure.Iot.Operations.Protocol\Azure.Iot.Operations.Protocol.csproj", "{A9E40F4D-8AC8-4565-A45A-AAD83BF3D4CE}"
EndProject
Project("{9A19103F-16F7-4668-BE54-9A1E7A4F7556}") = "Azure.Iot.Operations.Protocol.UnitTests", "test\Azure.Iot.Operations.Protocol.UnitTests\Azure.Iot.Operations.Protocol.UnitTests.csproj", "{E0398C4A-5E7D-4AF3-8F14-B3FF973D8DD4}"
EndProject
Project("{9A19103F-16F7-4668-BE54-9A1E7A4F7556}") = "Azure.Iot.Operations.Protocol.IntegrationTests", "test\Azure.Iot.Operations.Protocol.IntegrationTests\Azure.Iot.Operations.Protocol.IntegrationTests.csproj", "{895319CC-F1BD-4CFB-B225-07EBB820E015}"
EndProject
Project("{9A19103F-16F7-4668-BE54-9A1E7A4F7556}") = "Azure.Iot.Operations.Services", "src\Azure.Iot.Operations.Services\Azure.Iot.Operations.Services.csproj", "{B2ABA369-ECCA-409C-9DB2-8E2B22C33075}"
EndProject
Project("{9A19103F-16F7-4668-BE54-9A1E7A4F7556}") = "Azure.Iot.Operations.Services.IntegrationTests", "test\Azure.Iot.Operations.Services.IntegrationTests\Azure.Iot.Operations.Services.IntegrationTests.csproj", "{2CD350E0-E1F6-4CF8-9939-E271EC0EF122}"
EndProject
Project("{9A19103F-16F7-4668-BE54-9A1E7A4F7556}") = "Azure.Iot.Operations.Services.UnitTests", "test\Azure.Iot.Operations.Services.UnitTests\Azure.Iot.Operations.Services.UnitTests.csproj", "{2CAE3E9A-33D8-460C-A006-3E3842100000}"
EndProject
Project("{2150E333-8FDC-42A3-9474-1A3956D46DE8}") = "tests", "tests", "{CE9A7664-594B-43EB-AA48-606B88411FC9}"
EndProject
Project("{9A19103F-16F7-4668-BE54-9A1E7A4F7556}") = "Azure.Iot.Operations.Protocol.MetlTests", "test\Azure.Iot.Operations.Protocol.MetlTests\Azure.Iot.Operations.Protocol.MetlTests.csproj", "{A37BB163-AB37-4F06-9DD1-835E44433A45}"
EndProject
Project("{9A19103F-16F7-4668-BE54-9A1E7A4F7556}") = "Azure.Iot.Operations.Mqtt", "src\Azure.Iot.Operations.Mqtt\Azure.Iot.Operations.Mqtt.csproj", "{D4804411-6DE8-4FEA-A5EA-6BFA7499ABEE}"
EndProject
Project("{9A19103F-16F7-4668-BE54-9A1E7A4F7556}") = "Azure.Iot.Operations.Mqtt.UnitTests", "test\Azure.Iot.Operations.Mqtt.UnitTests\Azure.Iot.Operations.Mqtt.UnitTests.csproj", "{0636DA59-E153-4F22-9093-3E1E0702B190}"
EndProject
Project("{9A19103F-16F7-4668-BE54-9A1E7A4F7556}") = "Azure.Iot.Operations.Mqtt.IntegrationTests", "test\Azure.Iot.Operations.Mqtt.IntegrationTests\Azure.Iot.Operations.Mqtt.IntegrationTests.csproj", "{278D47EA-8CFA-4493-972B-DA7DD94D06A5}"
EndProject
Project("{9A19103F-16F7-4668-BE54-9A1E7A4F7556}") = "EventDrivenApp", "samples\applications\EventDrivenApp\EventDrivenApp.csproj", "{C70F181D-8264-498D-B0B4-671746E0F93B}"
EndProject
Project("{9A19103F-16F7-4668-BE54-9A1E7A4F7556}") = "Azure.Iot.Operations.Connector", "src\Azure.Iot.Operations.Connector\Azure.Iot.Operations.Connector.csproj", "{14D51034-644B-49BA-B50C-54B3885BD293}"
EndProject
Project("{9A19103F-16F7-4668-BE54-9A1E7A4F7556}") = "Azure.Iot.Operations.Connector.UnitTests", "test\Azure.Iot.Operations.Connector.UnitTests\Azure.Iot.Operations.Connector.UnitTests.csproj", "{99113A50-9774-4F42-B18D-5284639194A6}"
EndProject
Project("{2150E333-8FDC-42A3-9474-1A3956D46DE8}") = "templates", "templates", "{4636D1F8-ACA6-4138-8EC0-1FF71CAF3A3B}"
EndProject
Project("{FAE04EC0-301F-11D3-BF4B-00C04F79EFBC}") = "EventDrivenTelemetryConnector", "templates\EventDrivenTelemetryConnector\EventDrivenTelemetryConnector.csproj", "{A05529AD-2D62-405A-9C2D-A122F837ECBD}"
EndProject
Project("{FAE04EC0-301F-11D3-BF4B-00C04F79EFBC}") = "Azure.Iot.Operations.Connector.IntegrationTests", "test\Azure.Iot.Operations.Connector.IntegrationTests\Azure.Iot.Operations.Connector.IntegrationTests.csproj", "{C527ECCE-FBE1-4FBC-9987-F94BACC904F2}"
EndProject
Project("{FAE04EC0-301F-11D3-BF4B-00C04F79EFBC}") = "PollingTelemetryConnectorTemplate", "templates\PollingTelemetryConnector\PollingTelemetryConnectorTemplate.csproj", "{698D0245-18C6-37E9-08F6-E8EADCBA0880}"
EndProject
Project("{2150E333-8FDC-42A3-9474-1A3956D46DE8}") = "Connector", "Connector", "{F6ACBAA7-4101-4A8B-8982-055ABBF14670}"
EndProject
Project("{2150E333-8FDC-42A3-9474-1A3956D46DE8}") = "Protocol", "Protocol", "{E741F971-DD95-4C56-9A3D-589189C126FB}"
EndProject
Project("{2150E333-8FDC-42A3-9474-1A3956D46DE8}") = "Mqtt", "Mqtt", "{13B813FC-F37B-4AB2-A301-75D9CE5F75C4}"
EndProject
Project("{2150E333-8FDC-42A3-9474-1A3956D46DE8}") = "Services", "Services", "{EBDEB51A-D874-45C3-BFF4-91FC71EE1DF3}"
EndProject
Project("{2150E333-8FDC-42A3-9474-1A3956D46DE8}") = "RPC", "RPC", "{7C5284AD-CA1C-4E2E-8BAA-B217988CE3C3}"
EndProject
Project("{2150E333-8FDC-42A3-9474-1A3956D46DE8}") = "Telemetry", "Telemetry", "{BAA0A19E-09A3-478C-970E-5438B9BF4501}"
EndProject
Project("{FAE04EC0-301F-11D3-BF4B-00C04F79EFBC}") = "CounterClient", "samples\Protocol\RPC\CounterClient\CounterClient.csproj", "{8BCD968F-8F52-3D1B-0873-0E83DBD703FF}"
EndProject
Project("{FAE04EC0-301F-11D3-BF4B-00C04F79EFBC}") = "CounterServer", "samples\Protocol\RPC\CounterServer\CounterServer.csproj", "{86E53E1D-DA00-0470-2961-5FEC909EDCD3}"
EndProject
Project("{FAE04EC0-301F-11D3-BF4B-00C04F79EFBC}") = "TestEnvoys", "samples\Protocol\TestEnvoys\TestEnvoys.csproj", "{05172CDD-FA17-4431-A786-D32C952AFBD3}"
EndProject
Project("{FAE04EC0-301F-11D3-BF4B-00C04F79EFBC}") = "SampleClient", "samples\Protocol\RPC\SampleClient\SampleClient.csproj", "{0ADE560D-450D-E7B1-5233-AA7FC2D6FD72}"
EndProject
Project("{FAE04EC0-301F-11D3-BF4B-00C04F79EFBC}") = "SampleServer", "samples\Protocol\RPC\SampleServer\SampleServer.csproj", "{EA49374A-FBE6-2F4C-2C33-4FD4F68F4F4B}"
EndProject
Project("{FAE04EC0-301F-11D3-BF4B-00C04F79EFBC}") = "SimpleRpcClient", "samples\Protocol\RPC\SampleRpcClient\SampleRpcClient\SimpleRpcClient.csproj", "{6FC9B29F-6F34-DB74-7AB4-D40CC3BB4D31}"
EndProject
Project("{FAE04EC0-301F-11D3-BF4B-00C04F79EFBC}") = "SimpleRpcServer", "samples\Protocol\RPC\SampleRpcServer\SampleRpcServer\SimpleRpcServer.csproj", "{B624B257-B323-D23A-6B95-9F1DEAA89517}"
EndProject
Project("{FAE04EC0-301F-11D3-BF4B-00C04F79EFBC}") = "ReadCloudEventsSample", "samples\Protocol\Telemetry\ReadCloudEvents\ReadCloudEventsSample.csproj", "{202CC81D-A573-F7A3-2670-4E8385C26D15}"
EndProject
Project("{FAE04EC0-301F-11D3-BF4B-00C04F79EFBC}") = "SendCloudEventsSample", "samples\Protocol\Telemetry\SendCloudEvents\SendCloudEventsSample.csproj", "{489557AC-9984-E91D-5581-C8E9FF3D3BFC}"
EndProject
Project("{FAE04EC0-301F-11D3-BF4B-00C04F79EFBC}") = "SimpleTelemetryReceiver", "samples\Protocol\Telemetry\SimpleTelemetryReceiver\SimpleTelemetryReceiver.csproj", "{77A7FB0E-0F46-FDF2-7963-4CEF6C14F826}"
EndProject
Project("{FAE04EC0-301F-11D3-BF4B-00C04F79EFBC}") = "SimpleTelemetrySender", "samples\Protocol\Telemetry\SimpleTelemetrySender\SimpleTelemetrySender.csproj", "{665B2B80-A18D-740F-ACE9-4651F2EFB084}"
EndProject
Project("{FAE04EC0-301F-11D3-BF4B-00C04F79EFBC}") = "SessionClientSample", "samples\Mqtt\SessionClient\SessionClientSample.csproj", "{61AFCDC3-3185-A6BF-4A7A-F95040ABFF85}"
EndProject
Project("{FAE04EC0-301F-11D3-BF4B-00C04F79EFBC}") = "LeasedLockClientSample", "samples\Services\LeasedLockClient\LeasedLockClientSample.csproj", "{1163B28F-5BBD-2810-2985-9E2760147C46}"
EndProject
Project("{FAE04EC0-301F-11D3-BF4B-00C04F79EFBC}") = "PassiveReplicationSample", "samples\Services\PassiveReplication\PassiveReplicationSample.csproj", "{C9432936-38A0-7B15-A7DC-4741AA010ADA}"
EndProject
Project("{FAE04EC0-301F-11D3-BF4B-00C04F79EFBC}") = "SchemaRegistryClientSample", "samples\Services\SchemaRegistryClient\SchemaRegistryClientSample.csproj", "{4F4DC0C6-36CA-ACD0-CFEE-A4DD15C1161A}"
EndProject
Project("{FAE04EC0-301F-11D3-BF4B-00C04F79EFBC}") = "StateStoreClientSample", "samples\Services\StateStoreClient\StateStoreClientSample.csproj", "{6D291604-9EBA-CBCD-4B52-73A20D887A37}"
EndProject
Project("{FAE04EC0-301F-11D3-BF4B-00C04F79EFBC}") = "StateChangeSample", "samples\Services\StateStoreObserveKey\StateChangeSample.csproj", "{7FC452C0-D324-7CCC-31AB-E88C55219D99}"
EndProject
Project("{FAE04EC0-301F-11D3-BF4B-00C04F79EFBC}") = "EventDrivenTcpThermostatConnector", "samples\Connectors\EventDrivenTcpThermostatConnector\EventDrivenTcpThermostatConnector.csproj", "{634ACD75-48DC-5E51-641E-F3DFF44B07B5}"
EndProject
Project("{FAE04EC0-301F-11D3-BF4B-00C04F79EFBC}") = "PollingRestThermostatConnector", "samples\Connectors\PollingRestThermostatConnector\PollingRestThermostatConnector.csproj", "{78483AA7-E712-E824-7415-A3BA02A2C23F}"
EndProject
Project("{FAE04EC0-301F-11D3-BF4B-00C04F79EFBC}") = "SampleTcpServiceApp", "samples\Connectors\SampleTcpServiceApp\SampleTcpServiceApp.csproj", "{B63C89D5-797B-7AD0-B637-5B57E14D834A}"
EndProject
Project("{FAE04EC0-301F-11D3-BF4B-00C04F79EFBC}") = "SqlQualityAnalyzerConnector", "samples\Connectors\SqlConnector\SqlQualityAnalyzerConnector.csproj", "{E51EA2DC-FD06-C2D3-20AF-A0BE93F241BE}"
EndProject
Project("{2150E333-8FDC-42A3-9474-1A3956D46DE8}") = "Applications", "Applications", "{8E4DAAF8-44E6-49C1-989E-6B00FBC3E1A6}"
EndProject
Project("{FAE04EC0-301F-11D3-BF4B-00C04F79EFBC}") = "TestThing", "samples\Protocol\TestThing\TestThing.csproj", "{7D4104A3-14E0-04AC-9CAE-647CE4CCF3F2}"
EndProject
Project("{FAE04EC0-301F-11D3-BF4B-00C04F79EFBC}") = "ManagementActionConnector", "samples\Connectors\ManagementActionConnector\ManagementActionConnector.csproj", "{007736BC-01DB-47A5-97A8-8E72BA91380B}"
EndProject
Global
	GlobalSection(SolutionConfigurationPlatforms) = preSolution
		Debug|Any CPU = Debug|Any CPU
		Release|Any CPU = Release|Any CPU
	EndGlobalSection
	GlobalSection(ProjectConfigurationPlatforms) = postSolution
		{A9E40F4D-8AC8-4565-A45A-AAD83BF3D4CE}.Debug|Any CPU.ActiveCfg = Debug|Any CPU
		{A9E40F4D-8AC8-4565-A45A-AAD83BF3D4CE}.Debug|Any CPU.Build.0 = Debug|Any CPU
		{A9E40F4D-8AC8-4565-A45A-AAD83BF3D4CE}.Release|Any CPU.ActiveCfg = Release|Any CPU
		{A9E40F4D-8AC8-4565-A45A-AAD83BF3D4CE}.Release|Any CPU.Build.0 = Release|Any CPU
		{E0398C4A-5E7D-4AF3-8F14-B3FF973D8DD4}.Debug|Any CPU.ActiveCfg = Debug|Any CPU
		{E0398C4A-5E7D-4AF3-8F14-B3FF973D8DD4}.Debug|Any CPU.Build.0 = Debug|Any CPU
		{E0398C4A-5E7D-4AF3-8F14-B3FF973D8DD4}.Release|Any CPU.ActiveCfg = Release|Any CPU
		{E0398C4A-5E7D-4AF3-8F14-B3FF973D8DD4}.Release|Any CPU.Build.0 = Release|Any CPU
		{895319CC-F1BD-4CFB-B225-07EBB820E015}.Debug|Any CPU.ActiveCfg = Debug|Any CPU
		{895319CC-F1BD-4CFB-B225-07EBB820E015}.Debug|Any CPU.Build.0 = Debug|Any CPU
		{895319CC-F1BD-4CFB-B225-07EBB820E015}.Release|Any CPU.ActiveCfg = Release|Any CPU
		{895319CC-F1BD-4CFB-B225-07EBB820E015}.Release|Any CPU.Build.0 = Release|Any CPU
		{B2ABA369-ECCA-409C-9DB2-8E2B22C33075}.Debug|Any CPU.ActiveCfg = Debug|Any CPU
		{B2ABA369-ECCA-409C-9DB2-8E2B22C33075}.Debug|Any CPU.Build.0 = Debug|Any CPU
		{B2ABA369-ECCA-409C-9DB2-8E2B22C33075}.Release|Any CPU.ActiveCfg = Release|Any CPU
		{B2ABA369-ECCA-409C-9DB2-8E2B22C33075}.Release|Any CPU.Build.0 = Release|Any CPU
		{2CD350E0-E1F6-4CF8-9939-E271EC0EF122}.Debug|Any CPU.ActiveCfg = Debug|Any CPU
		{2CD350E0-E1F6-4CF8-9939-E271EC0EF122}.Debug|Any CPU.Build.0 = Debug|Any CPU
		{2CD350E0-E1F6-4CF8-9939-E271EC0EF122}.Release|Any CPU.ActiveCfg = Release|Any CPU
		{2CD350E0-E1F6-4CF8-9939-E271EC0EF122}.Release|Any CPU.Build.0 = Release|Any CPU
		{2CAE3E9A-33D8-460C-A006-3E3842100000}.Debug|Any CPU.ActiveCfg = Debug|Any CPU
		{2CAE3E9A-33D8-460C-A006-3E3842100000}.Debug|Any CPU.Build.0 = Debug|Any CPU
		{2CAE3E9A-33D8-460C-A006-3E3842100000}.Release|Any CPU.ActiveCfg = Release|Any CPU
		{2CAE3E9A-33D8-460C-A006-3E3842100000}.Release|Any CPU.Build.0 = Release|Any CPU
		{A37BB163-AB37-4F06-9DD1-835E44433A45}.Debug|Any CPU.ActiveCfg = Debug|Any CPU
		{A37BB163-AB37-4F06-9DD1-835E44433A45}.Debug|Any CPU.Build.0 = Debug|Any CPU
		{A37BB163-AB37-4F06-9DD1-835E44433A45}.Release|Any CPU.ActiveCfg = Release|Any CPU
		{A37BB163-AB37-4F06-9DD1-835E44433A45}.Release|Any CPU.Build.0 = Release|Any CPU
		{D4804411-6DE8-4FEA-A5EA-6BFA7499ABEE}.Debug|Any CPU.ActiveCfg = Debug|Any CPU
		{D4804411-6DE8-4FEA-A5EA-6BFA7499ABEE}.Debug|Any CPU.Build.0 = Debug|Any CPU
		{D4804411-6DE8-4FEA-A5EA-6BFA7499ABEE}.Release|Any CPU.ActiveCfg = Release|Any CPU
		{D4804411-6DE8-4FEA-A5EA-6BFA7499ABEE}.Release|Any CPU.Build.0 = Release|Any CPU
		{0636DA59-E153-4F22-9093-3E1E0702B190}.Debug|Any CPU.ActiveCfg = Debug|Any CPU
		{0636DA59-E153-4F22-9093-3E1E0702B190}.Debug|Any CPU.Build.0 = Debug|Any CPU
		{0636DA59-E153-4F22-9093-3E1E0702B190}.Release|Any CPU.ActiveCfg = Release|Any CPU
		{0636DA59-E153-4F22-9093-3E1E0702B190}.Release|Any CPU.Build.0 = Release|Any CPU
		{278D47EA-8CFA-4493-972B-DA7DD94D06A5}.Debug|Any CPU.ActiveCfg = Debug|Any CPU
		{278D47EA-8CFA-4493-972B-DA7DD94D06A5}.Debug|Any CPU.Build.0 = Debug|Any CPU
		{278D47EA-8CFA-4493-972B-DA7DD94D06A5}.Release|Any CPU.ActiveCfg = Release|Any CPU
		{278D47EA-8CFA-4493-972B-DA7DD94D06A5}.Release|Any CPU.Build.0 = Release|Any CPU
		{C70F181D-8264-498D-B0B4-671746E0F93B}.Debug|Any CPU.ActiveCfg = Debug|Any CPU
		{C70F181D-8264-498D-B0B4-671746E0F93B}.Debug|Any CPU.Build.0 = Debug|Any CPU
		{C70F181D-8264-498D-B0B4-671746E0F93B}.Release|Any CPU.ActiveCfg = Release|Any CPU
		{C70F181D-8264-498D-B0B4-671746E0F93B}.Release|Any CPU.Build.0 = Release|Any CPU
		{14D51034-644B-49BA-B50C-54B3885BD293}.Debug|Any CPU.ActiveCfg = Debug|Any CPU
		{14D51034-644B-49BA-B50C-54B3885BD293}.Debug|Any CPU.Build.0 = Debug|Any CPU
		{14D51034-644B-49BA-B50C-54B3885BD293}.Release|Any CPU.ActiveCfg = Release|Any CPU
		{14D51034-644B-49BA-B50C-54B3885BD293}.Release|Any CPU.Build.0 = Release|Any CPU
		{99113A50-9774-4F42-B18D-5284639194A6}.Debug|Any CPU.ActiveCfg = Debug|Any CPU
		{99113A50-9774-4F42-B18D-5284639194A6}.Debug|Any CPU.Build.0 = Debug|Any CPU
		{99113A50-9774-4F42-B18D-5284639194A6}.Release|Any CPU.ActiveCfg = Release|Any CPU
		{99113A50-9774-4F42-B18D-5284639194A6}.Release|Any CPU.Build.0 = Release|Any CPU
		{A05529AD-2D62-405A-9C2D-A122F837ECBD}.Debug|Any CPU.ActiveCfg = Debug|Any CPU
		{A05529AD-2D62-405A-9C2D-A122F837ECBD}.Debug|Any CPU.Build.0 = Debug|Any CPU
		{A05529AD-2D62-405A-9C2D-A122F837ECBD}.Release|Any CPU.ActiveCfg = Release|Any CPU
		{A05529AD-2D62-405A-9C2D-A122F837ECBD}.Release|Any CPU.Build.0 = Release|Any CPU
		{C527ECCE-FBE1-4FBC-9987-F94BACC904F2}.Debug|Any CPU.ActiveCfg = Debug|Any CPU
		{C527ECCE-FBE1-4FBC-9987-F94BACC904F2}.Debug|Any CPU.Build.0 = Debug|Any CPU
		{C527ECCE-FBE1-4FBC-9987-F94BACC904F2}.Release|Any CPU.ActiveCfg = Release|Any CPU
		{C527ECCE-FBE1-4FBC-9987-F94BACC904F2}.Release|Any CPU.Build.0 = Release|Any CPU
		{698D0245-18C6-37E9-08F6-E8EADCBA0880}.Debug|Any CPU.ActiveCfg = Debug|Any CPU
		{698D0245-18C6-37E9-08F6-E8EADCBA0880}.Debug|Any CPU.Build.0 = Debug|Any CPU
		{698D0245-18C6-37E9-08F6-E8EADCBA0880}.Release|Any CPU.ActiveCfg = Release|Any CPU
		{698D0245-18C6-37E9-08F6-E8EADCBA0880}.Release|Any CPU.Build.0 = Release|Any CPU
		{8BCD968F-8F52-3D1B-0873-0E83DBD703FF}.Debug|Any CPU.ActiveCfg = Debug|Any CPU
		{8BCD968F-8F52-3D1B-0873-0E83DBD703FF}.Debug|Any CPU.Build.0 = Debug|Any CPU
		{8BCD968F-8F52-3D1B-0873-0E83DBD703FF}.Release|Any CPU.ActiveCfg = Release|Any CPU
		{8BCD968F-8F52-3D1B-0873-0E83DBD703FF}.Release|Any CPU.Build.0 = Release|Any CPU
		{86E53E1D-DA00-0470-2961-5FEC909EDCD3}.Debug|Any CPU.ActiveCfg = Debug|Any CPU
		{86E53E1D-DA00-0470-2961-5FEC909EDCD3}.Debug|Any CPU.Build.0 = Debug|Any CPU
		{86E53E1D-DA00-0470-2961-5FEC909EDCD3}.Release|Any CPU.ActiveCfg = Release|Any CPU
		{86E53E1D-DA00-0470-2961-5FEC909EDCD3}.Release|Any CPU.Build.0 = Release|Any CPU
		{05172CDD-FA17-4431-A786-D32C952AFBD3}.Debug|Any CPU.ActiveCfg = Debug|Any CPU
		{05172CDD-FA17-4431-A786-D32C952AFBD3}.Debug|Any CPU.Build.0 = Debug|Any CPU
		{05172CDD-FA17-4431-A786-D32C952AFBD3}.Release|Any CPU.ActiveCfg = Release|Any CPU
		{05172CDD-FA17-4431-A786-D32C952AFBD3}.Release|Any CPU.Build.0 = Release|Any CPU
		{0ADE560D-450D-E7B1-5233-AA7FC2D6FD72}.Debug|Any CPU.ActiveCfg = Debug|Any CPU
		{0ADE560D-450D-E7B1-5233-AA7FC2D6FD72}.Debug|Any CPU.Build.0 = Debug|Any CPU
		{0ADE560D-450D-E7B1-5233-AA7FC2D6FD72}.Release|Any CPU.ActiveCfg = Release|Any CPU
		{0ADE560D-450D-E7B1-5233-AA7FC2D6FD72}.Release|Any CPU.Build.0 = Release|Any CPU
		{EA49374A-FBE6-2F4C-2C33-4FD4F68F4F4B}.Debug|Any CPU.ActiveCfg = Debug|Any CPU
		{EA49374A-FBE6-2F4C-2C33-4FD4F68F4F4B}.Debug|Any CPU.Build.0 = Debug|Any CPU
		{EA49374A-FBE6-2F4C-2C33-4FD4F68F4F4B}.Release|Any CPU.ActiveCfg = Release|Any CPU
		{EA49374A-FBE6-2F4C-2C33-4FD4F68F4F4B}.Release|Any CPU.Build.0 = Release|Any CPU
		{6FC9B29F-6F34-DB74-7AB4-D40CC3BB4D31}.Debug|Any CPU.ActiveCfg = Debug|Any CPU
		{6FC9B29F-6F34-DB74-7AB4-D40CC3BB4D31}.Debug|Any CPU.Build.0 = Debug|Any CPU
		{6FC9B29F-6F34-DB74-7AB4-D40CC3BB4D31}.Release|Any CPU.ActiveCfg = Release|Any CPU
		{6FC9B29F-6F34-DB74-7AB4-D40CC3BB4D31}.Release|Any CPU.Build.0 = Release|Any CPU
		{B624B257-B323-D23A-6B95-9F1DEAA89517}.Debug|Any CPU.ActiveCfg = Debug|Any CPU
		{B624B257-B323-D23A-6B95-9F1DEAA89517}.Debug|Any CPU.Build.0 = Debug|Any CPU
		{B624B257-B323-D23A-6B95-9F1DEAA89517}.Release|Any CPU.ActiveCfg = Release|Any CPU
		{B624B257-B323-D23A-6B95-9F1DEAA89517}.Release|Any CPU.Build.0 = Release|Any CPU
		{202CC81D-A573-F7A3-2670-4E8385C26D15}.Debug|Any CPU.ActiveCfg = Debug|Any CPU
		{202CC81D-A573-F7A3-2670-4E8385C26D15}.Debug|Any CPU.Build.0 = Debug|Any CPU
		{202CC81D-A573-F7A3-2670-4E8385C26D15}.Release|Any CPU.ActiveCfg = Release|Any CPU
		{202CC81D-A573-F7A3-2670-4E8385C26D15}.Release|Any CPU.Build.0 = Release|Any CPU
		{489557AC-9984-E91D-5581-C8E9FF3D3BFC}.Debug|Any CPU.ActiveCfg = Debug|Any CPU
		{489557AC-9984-E91D-5581-C8E9FF3D3BFC}.Debug|Any CPU.Build.0 = Debug|Any CPU
		{489557AC-9984-E91D-5581-C8E9FF3D3BFC}.Release|Any CPU.ActiveCfg = Release|Any CPU
		{489557AC-9984-E91D-5581-C8E9FF3D3BFC}.Release|Any CPU.Build.0 = Release|Any CPU
		{77A7FB0E-0F46-FDF2-7963-4CEF6C14F826}.Debug|Any CPU.ActiveCfg = Debug|Any CPU
		{77A7FB0E-0F46-FDF2-7963-4CEF6C14F826}.Debug|Any CPU.Build.0 = Debug|Any CPU
		{77A7FB0E-0F46-FDF2-7963-4CEF6C14F826}.Release|Any CPU.ActiveCfg = Release|Any CPU
		{77A7FB0E-0F46-FDF2-7963-4CEF6C14F826}.Release|Any CPU.Build.0 = Release|Any CPU
		{665B2B80-A18D-740F-ACE9-4651F2EFB084}.Debug|Any CPU.ActiveCfg = Debug|Any CPU
		{665B2B80-A18D-740F-ACE9-4651F2EFB084}.Debug|Any CPU.Build.0 = Debug|Any CPU
		{665B2B80-A18D-740F-ACE9-4651F2EFB084}.Release|Any CPU.ActiveCfg = Release|Any CPU
		{665B2B80-A18D-740F-ACE9-4651F2EFB084}.Release|Any CPU.Build.0 = Release|Any CPU
		{61AFCDC3-3185-A6BF-4A7A-F95040ABFF85}.Debug|Any CPU.ActiveCfg = Debug|Any CPU
		{61AFCDC3-3185-A6BF-4A7A-F95040ABFF85}.Debug|Any CPU.Build.0 = Debug|Any CPU
		{61AFCDC3-3185-A6BF-4A7A-F95040ABFF85}.Release|Any CPU.ActiveCfg = Release|Any CPU
		{61AFCDC3-3185-A6BF-4A7A-F95040ABFF85}.Release|Any CPU.Build.0 = Release|Any CPU
		{1163B28F-5BBD-2810-2985-9E2760147C46}.Debug|Any CPU.ActiveCfg = Debug|Any CPU
		{1163B28F-5BBD-2810-2985-9E2760147C46}.Debug|Any CPU.Build.0 = Debug|Any CPU
		{1163B28F-5BBD-2810-2985-9E2760147C46}.Release|Any CPU.ActiveCfg = Release|Any CPU
		{1163B28F-5BBD-2810-2985-9E2760147C46}.Release|Any CPU.Build.0 = Release|Any CPU
		{C9432936-38A0-7B15-A7DC-4741AA010ADA}.Debug|Any CPU.ActiveCfg = Debug|Any CPU
		{C9432936-38A0-7B15-A7DC-4741AA010ADA}.Debug|Any CPU.Build.0 = Debug|Any CPU
		{C9432936-38A0-7B15-A7DC-4741AA010ADA}.Release|Any CPU.ActiveCfg = Release|Any CPU
		{C9432936-38A0-7B15-A7DC-4741AA010ADA}.Release|Any CPU.Build.0 = Release|Any CPU
		{4F4DC0C6-36CA-ACD0-CFEE-A4DD15C1161A}.Debug|Any CPU.ActiveCfg = Debug|Any CPU
		{4F4DC0C6-36CA-ACD0-CFEE-A4DD15C1161A}.Debug|Any CPU.Build.0 = Debug|Any CPU
		{4F4DC0C6-36CA-ACD0-CFEE-A4DD15C1161A}.Release|Any CPU.ActiveCfg = Release|Any CPU
		{4F4DC0C6-36CA-ACD0-CFEE-A4DD15C1161A}.Release|Any CPU.Build.0 = Release|Any CPU
		{6D291604-9EBA-CBCD-4B52-73A20D887A37}.Debug|Any CPU.ActiveCfg = Debug|Any CPU
		{6D291604-9EBA-CBCD-4B52-73A20D887A37}.Debug|Any CPU.Build.0 = Debug|Any CPU
		{6D291604-9EBA-CBCD-4B52-73A20D887A37}.Release|Any CPU.ActiveCfg = Release|Any CPU
		{6D291604-9EBA-CBCD-4B52-73A20D887A37}.Release|Any CPU.Build.0 = Release|Any CPU
		{7FC452C0-D324-7CCC-31AB-E88C55219D99}.Debug|Any CPU.ActiveCfg = Debug|Any CPU
		{7FC452C0-D324-7CCC-31AB-E88C55219D99}.Debug|Any CPU.Build.0 = Debug|Any CPU
		{7FC452C0-D324-7CCC-31AB-E88C55219D99}.Release|Any CPU.ActiveCfg = Release|Any CPU
		{7FC452C0-D324-7CCC-31AB-E88C55219D99}.Release|Any CPU.Build.0 = Release|Any CPU
		{634ACD75-48DC-5E51-641E-F3DFF44B07B5}.Debug|Any CPU.ActiveCfg = Debug|Any CPU
		{634ACD75-48DC-5E51-641E-F3DFF44B07B5}.Debug|Any CPU.Build.0 = Debug|Any CPU
		{634ACD75-48DC-5E51-641E-F3DFF44B07B5}.Release|Any CPU.ActiveCfg = Release|Any CPU
		{634ACD75-48DC-5E51-641E-F3DFF44B07B5}.Release|Any CPU.Build.0 = Release|Any CPU
		{78483AA7-E712-E824-7415-A3BA02A2C23F}.Debug|Any CPU.ActiveCfg = Debug|Any CPU
		{78483AA7-E712-E824-7415-A3BA02A2C23F}.Debug|Any CPU.Build.0 = Debug|Any CPU
		{78483AA7-E712-E824-7415-A3BA02A2C23F}.Release|Any CPU.ActiveCfg = Release|Any CPU
		{78483AA7-E712-E824-7415-A3BA02A2C23F}.Release|Any CPU.Build.0 = Release|Any CPU
		{B63C89D5-797B-7AD0-B637-5B57E14D834A}.Debug|Any CPU.ActiveCfg = Debug|Any CPU
		{B63C89D5-797B-7AD0-B637-5B57E14D834A}.Debug|Any CPU.Build.0 = Debug|Any CPU
		{B63C89D5-797B-7AD0-B637-5B57E14D834A}.Release|Any CPU.ActiveCfg = Release|Any CPU
		{B63C89D5-797B-7AD0-B637-5B57E14D834A}.Release|Any CPU.Build.0 = Release|Any CPU
		{E51EA2DC-FD06-C2D3-20AF-A0BE93F241BE}.Debug|Any CPU.ActiveCfg = Debug|Any CPU
		{E51EA2DC-FD06-C2D3-20AF-A0BE93F241BE}.Debug|Any CPU.Build.0 = Debug|Any CPU
		{E51EA2DC-FD06-C2D3-20AF-A0BE93F241BE}.Release|Any CPU.ActiveCfg = Release|Any CPU
		{E51EA2DC-FD06-C2D3-20AF-A0BE93F241BE}.Release|Any CPU.Build.0 = Release|Any CPU
		{7D4104A3-14E0-04AC-9CAE-647CE4CCF3F2}.Debug|Any CPU.ActiveCfg = Debug|Any CPU
		{7D4104A3-14E0-04AC-9CAE-647CE4CCF3F2}.Debug|Any CPU.Build.0 = Debug|Any CPU
		{7D4104A3-14E0-04AC-9CAE-647CE4CCF3F2}.Release|Any CPU.ActiveCfg = Release|Any CPU
		{7D4104A3-14E0-04AC-9CAE-647CE4CCF3F2}.Release|Any CPU.Build.0 = Release|Any CPU
		{007736BC-01DB-47A5-97A8-8E72BA91380B}.Debug|Any CPU.ActiveCfg = Debug|Any CPU
		{007736BC-01DB-47A5-97A8-8E72BA91380B}.Debug|Any CPU.Build.0 = Debug|Any CPU
		{007736BC-01DB-47A5-97A8-8E72BA91380B}.Release|Any CPU.ActiveCfg = Release|Any CPU
		{007736BC-01DB-47A5-97A8-8E72BA91380B}.Release|Any CPU.Build.0 = Release|Any CPU
	EndGlobalSection
	GlobalSection(SolutionProperties) = preSolution
		HideSolutionNode = FALSE
	EndGlobalSection
	GlobalSection(NestedProjects) = preSolution
		{A9E40F4D-8AC8-4565-A45A-AAD83BF3D4CE} = {1A010448-5B06-42B9-95FE-C31008C700FB}
		{E0398C4A-5E7D-4AF3-8F14-B3FF973D8DD4} = {CE9A7664-594B-43EB-AA48-606B88411FC9}
		{895319CC-F1BD-4CFB-B225-07EBB820E015} = {CE9A7664-594B-43EB-AA48-606B88411FC9}
		{B2ABA369-ECCA-409C-9DB2-8E2B22C33075} = {1A010448-5B06-42B9-95FE-C31008C700FB}
		{2CD350E0-E1F6-4CF8-9939-E271EC0EF122} = {CE9A7664-594B-43EB-AA48-606B88411FC9}
		{2CAE3E9A-33D8-460C-A006-3E3842100000} = {CE9A7664-594B-43EB-AA48-606B88411FC9}
		{A37BB163-AB37-4F06-9DD1-835E44433A45} = {CE9A7664-594B-43EB-AA48-606B88411FC9}
		{D4804411-6DE8-4FEA-A5EA-6BFA7499ABEE} = {1A010448-5B06-42B9-95FE-C31008C700FB}
		{0636DA59-E153-4F22-9093-3E1E0702B190} = {CE9A7664-594B-43EB-AA48-606B88411FC9}
		{278D47EA-8CFA-4493-972B-DA7DD94D06A5} = {CE9A7664-594B-43EB-AA48-606B88411FC9}
		{C70F181D-8264-498D-B0B4-671746E0F93B} = {8E4DAAF8-44E6-49C1-989E-6B00FBC3E1A6}
		{14D51034-644B-49BA-B50C-54B3885BD293} = {1A010448-5B06-42B9-95FE-C31008C700FB}
		{99113A50-9774-4F42-B18D-5284639194A6} = {CE9A7664-594B-43EB-AA48-606B88411FC9}
		{A05529AD-2D62-405A-9C2D-A122F837ECBD} = {4636D1F8-ACA6-4138-8EC0-1FF71CAF3A3B}
		{C527ECCE-FBE1-4FBC-9987-F94BACC904F2} = {CE9A7664-594B-43EB-AA48-606B88411FC9}
		{698D0245-18C6-37E9-08F6-E8EADCBA0880} = {4636D1F8-ACA6-4138-8EC0-1FF71CAF3A3B}
		{F6ACBAA7-4101-4A8B-8982-055ABBF14670} = {9126F576-80AE-48DC-8A84-EFC8B487D809}
		{E741F971-DD95-4C56-9A3D-589189C126FB} = {9126F576-80AE-48DC-8A84-EFC8B487D809}
		{13B813FC-F37B-4AB2-A301-75D9CE5F75C4} = {9126F576-80AE-48DC-8A84-EFC8B487D809}
		{EBDEB51A-D874-45C3-BFF4-91FC71EE1DF3} = {9126F576-80AE-48DC-8A84-EFC8B487D809}
		{7C5284AD-CA1C-4E2E-8BAA-B217988CE3C3} = {E741F971-DD95-4C56-9A3D-589189C126FB}
		{BAA0A19E-09A3-478C-970E-5438B9BF4501} = {E741F971-DD95-4C56-9A3D-589189C126FB}
		{8BCD968F-8F52-3D1B-0873-0E83DBD703FF} = {7C5284AD-CA1C-4E2E-8BAA-B217988CE3C3}
		{86E53E1D-DA00-0470-2961-5FEC909EDCD3} = {7C5284AD-CA1C-4E2E-8BAA-B217988CE3C3}
		{05172CDD-FA17-4431-A786-D32C952AFBD3} = {E741F971-DD95-4C56-9A3D-589189C126FB}
		{0ADE560D-450D-E7B1-5233-AA7FC2D6FD72} = {E741F971-DD95-4C56-9A3D-589189C126FB}
		{EA49374A-FBE6-2F4C-2C33-4FD4F68F4F4B} = {E741F971-DD95-4C56-9A3D-589189C126FB}
		{6FC9B29F-6F34-DB74-7AB4-D40CC3BB4D31} = {7C5284AD-CA1C-4E2E-8BAA-B217988CE3C3}
		{B624B257-B323-D23A-6B95-9F1DEAA89517} = {7C5284AD-CA1C-4E2E-8BAA-B217988CE3C3}
		{202CC81D-A573-F7A3-2670-4E8385C26D15} = {BAA0A19E-09A3-478C-970E-5438B9BF4501}
		{489557AC-9984-E91D-5581-C8E9FF3D3BFC} = {BAA0A19E-09A3-478C-970E-5438B9BF4501}
		{77A7FB0E-0F46-FDF2-7963-4CEF6C14F826} = {BAA0A19E-09A3-478C-970E-5438B9BF4501}
		{665B2B80-A18D-740F-ACE9-4651F2EFB084} = {BAA0A19E-09A3-478C-970E-5438B9BF4501}
		{61AFCDC3-3185-A6BF-4A7A-F95040ABFF85} = {13B813FC-F37B-4AB2-A301-75D9CE5F75C4}
		{1163B28F-5BBD-2810-2985-9E2760147C46} = {EBDEB51A-D874-45C3-BFF4-91FC71EE1DF3}
		{C9432936-38A0-7B15-A7DC-4741AA010ADA} = {EBDEB51A-D874-45C3-BFF4-91FC71EE1DF3}
		{4F4DC0C6-36CA-ACD0-CFEE-A4DD15C1161A} = {EBDEB51A-D874-45C3-BFF4-91FC71EE1DF3}
		{6D291604-9EBA-CBCD-4B52-73A20D887A37} = {EBDEB51A-D874-45C3-BFF4-91FC71EE1DF3}
		{7FC452C0-D324-7CCC-31AB-E88C55219D99} = {EBDEB51A-D874-45C3-BFF4-91FC71EE1DF3}
		{634ACD75-48DC-5E51-641E-F3DFF44B07B5} = {F6ACBAA7-4101-4A8B-8982-055ABBF14670}
		{78483AA7-E712-E824-7415-A3BA02A2C23F} = {F6ACBAA7-4101-4A8B-8982-055ABBF14670}
		{B63C89D5-797B-7AD0-B637-5B57E14D834A} = {F6ACBAA7-4101-4A8B-8982-055ABBF14670}
		{E51EA2DC-FD06-C2D3-20AF-A0BE93F241BE} = {F6ACBAA7-4101-4A8B-8982-055ABBF14670}
		{8E4DAAF8-44E6-49C1-989E-6B00FBC3E1A6} = {9126F576-80AE-48DC-8A84-EFC8B487D809}
		{7D4104A3-14E0-04AC-9CAE-647CE4CCF3F2} = {E741F971-DD95-4C56-9A3D-589189C126FB}
		{007736BC-01DB-47A5-97A8-8E72BA91380B} = {F6ACBAA7-4101-4A8B-8982-055ABBF14670}
	EndGlobalSection
	GlobalSection(ExtensibilityGlobals) = postSolution
		SolutionGuid = {F2687BCD-45E3-4094-9656-BF183C816BA0}
	EndGlobalSection
EndGlobal
